
Microsoft Visual Studio Solution File, Format Version 12.00
# Visual Studio Version 17
VisualStudioVersion = 17.11.35222.181
MinimumVisualStudioVersion = 10.0.40219.1
Project("{FAE04EC0-301F-11D3-BF4B-00C04F79EFBC}") = "WebLoginAuth", "WebLoginAuth.csproj", "{4B76F9E3-17EC-44EE-A4B8-0EDC0AE3B52C}"
EndProject
Global
	GlobalSection(SolutionConfigurationPlatforms) = preSolution
		Debug|Any CPU = Debug|Any CPU
		Release|Any CPU = Release|Any CPU
	EndGlobalSection
	GlobalSection(ProjectConfigurationPlatforms) = postSolution
		{4B76F9E3-17EC-44EE-A4B8-0EDC0AE3B52C}.Debug|Any CPU.ActiveCfg = Debug|Any CPU
		{4B76F9E3-17EC-44EE-A4B8-0EDC0AE3B52C}.Debug|Any CPU.Build.0 = Debug|Any CPU
		{4B76F9E3-17EC-44EE-A4B8-0EDC0AE3B52C}.Release|Any CPU.ActiveCfg = Release|Any CPU
		{4B76F9E3-17EC-44EE-A4B8-0EDC0AE3B52C}.Release|Any CPU.Build.0 = Release|Any CPU
	EndGlobalSection
	GlobalSection(SolutionProperties) = preSolution
		HideSolutionNode = FALSE
	EndGlobalSection
	GlobalSection(ExtensibilityGlobals) = postSolution
		SolutionGuid = {0943F9FA-5AD5-410C-AB6E-A5CAA136B70F}
	EndGlobalSection
EndGlobal
